// !$*UTF8*$!
{
	archiveVersion = 1;
	classes = {
	};
	objectVersion = 54;
	objects = {

/* Begin PBXBuildFile section */
		00E356F31AD99517003FC87E /* DropIt2022Tests.m in Sources */ = {isa = PBXBuildFile; fileRef = 00E356F21AD99517003FC87E /* DropIt2022Tests.m */; };
		056E82C479AF45B0B4DB4014 /* Poppins-Black.ttf in Resources */ = {isa = PBXBuildFile; fileRef = 945D75E9D2E04EFFAD5F5FE1 /* Poppins-Black.ttf */; };
		1389A0DB2FF94D48B6300595 /* Inter-Regular.ttf in Resources */ = {isa = PBXBuildFile; fileRef = 1078E33B63F246998E418A17 /* Inter-Regular.ttf */; };
		13B07FBC1A68108700A75B9A /* AppDelegate.mm in Sources */ = {isa = PBXBuildFile; fileRef = 13B07FB01A68108700A75B9A /* AppDelegate.mm */; };
		13B07FBF1A68108700A75B9A /* Images.xcassets in Resources */ = {isa = PBXBuildFile; fileRef = 13B07FB51A68108700A75B9A /* Images.xcassets */; };
		13B07FC11A68108700A75B9A /* main.m in Sources */ = {isa = PBXBuildFile; fileRef = 13B07FB71A68108700A75B9A /* main.m */; };
		1EEA91D8923F4C868CD67365 /* Poppins-MediumItalic.ttf in Resources */ = {isa = PBXBuildFile; fileRef = 7034DD81587545B0AC11DC85 /* Poppins-MediumItalic.ttf */; };
		2845F94322204B27BFF26885 /* Poppins-Light.ttf in Resources */ = {isa = PBXBuildFile; fileRef = 83729377CCBD45BBAC18608E /* Poppins-Light.ttf */; };
		304410C27C2E4FAE8C0E4458 /* Inter-ExtraLight.ttf in Resources */ = {isa = PBXBuildFile; fileRef = F1384D43C3D3410D98AA68C8 /* Inter-ExtraLight.ttf */; };
		36408E28EB164EC38541A0C0 /* Poppins-ExtraLight.ttf in Resources */ = {isa = PBXBuildFile; fileRef = BE9CF5DEA2D54D5BB134C5B7 /* Poppins-ExtraLight.ttf */; };
		38BE039FB0F14AB1B0C4E5AF /* Poppins-SemiBoldItalic.ttf in Resources */ = {isa = PBXBuildFile; fileRef = 884062579BEF4DB3ADF4CDBA /* Poppins-SemiBoldItalic.ttf */; };
		42FDB8B2E43049F388BC4B17 /* Inter-Medium.ttf in Resources */ = {isa = PBXBuildFile; fileRef = 4D4884DE34224A7EB1485EB2 /* Inter-Medium.ttf */; };
		5AF36B2C4DD04CCBA743A99A /* Poppins-Medium.ttf in Resources */ = {isa = PBXBuildFile; fileRef = 4A9F8E8CD4DE4ED0B7926DA0 /* Poppins-Medium.ttf */; };
		5D6B28457E454C7A866377B9 /* Inter-VariableFont_slnt,wght.ttf in Resources */ = {isa = PBXBuildFile; fileRef = E60D0D23279142CFADFCA78B /* Inter-VariableFont_slnt,wght.ttf */; };
		65500C8953FB4D95B9332FB1 /* Poppins-BoldItalic.ttf in Resources */ = {isa = PBXBuildFile; fileRef = 0126F771010B484D91212C45 /* Poppins-BoldItalic.ttf */; };
		70411EB27D440C243BF8D35B /* Pods_DropIt2022_DropIt2022Tests.framework in Frameworks */ = {isa = PBXBuildFile; fileRef = CD919B54B64781A3613D795F /* Pods_DropIt2022_DropIt2022Tests.framework */; };
		73B0BDAE6A9A45C182A4CA4A /* Inter-SemiBold.ttf in Resources */ = {isa = PBXBuildFile; fileRef = 30EC61EA5C0646BB9E286968 /* Inter-SemiBold.ttf */; };
		78506A14D5244A7EA38E30EA /* Poppins-ThinItalic.ttf in Resources */ = {isa = PBXBuildFile; fileRef = 9C85B1220D9B4BA6BA4ED415 /* Poppins-ThinItalic.ttf */; };
		790598DD3608460A82293160 /* Poppins-Regular.ttf in Resources */ = {isa = PBXBuildFile; fileRef = A1ABEC763010483D967101D2 /* Poppins-Regular.ttf */; };
		81AB9BB82411601600AC10FF /* LaunchScreen.storyboard in Resources */ = {isa = PBXBuildFile; fileRef = 81AB9BB72411601600AC10FF /* LaunchScreen.storyboard */; };
		8A27886E36724DEEAA8B203F /* Poppins-Thin.ttf in Resources */ = {isa = PBXBuildFile; fileRef = 12F848575E7C44CAA58A0F4C /* Poppins-Thin.ttf */; };
		8C52724C2C4E4271CCA04761 /* Pods_DropIt2022.framework in Frameworks */ = {isa = PBXBuildFile; fileRef = 2395B018FC0E83C2F80384AE /* Pods_DropIt2022.framework */; };
		90135752EDF941A18DAFC3E7 /* Poppins-Italic.ttf in Resources */ = {isa = PBXBuildFile; fileRef = D32165483F964AE2ACEC24CA /* Poppins-Italic.ttf */; };
		9D980F96751640FE8D929C75 /* Poppins-LightItalic.ttf in Resources */ = {isa = PBXBuildFile; fileRef = 0F98E67395DC49AF92013E34 /* Poppins-LightItalic.ttf */; };
		A311B79772854FBAB530C88E /* Inter-Black.ttf in Resources */ = {isa = PBXBuildFile; fileRef = E12EF64136EE4731BDDF8299 /* Inter-Black.ttf */; };
		A5C3DEFF48D84D3F9A9E3EC0 /* Inter-Thin.ttf in Resources */ = {isa = PBXBuildFile; fileRef = 1B53396AA1794146BADD7912 /* Inter-Thin.ttf */; };
		A60360C828BFC0240079370F /* CoreLocation.framework in Frameworks */ = {isa = PBXBuildFile; fileRef = A60360C728BFC0240079370F /* CoreLocation.framework */; };
		A60532532924547400FEDA54 /* GoogleService-Info.plist in Resources */ = {isa = PBXBuildFile; fileRef = A60532522924547400FEDA54 /* GoogleService-Info.plist */; };
		A6AE7D3728C91A9200A4C038 /* Fontisto.ttf in Resources */ = {isa = PBXBuildFile; fileRef = A6AE7D2728C91A9200A4C038 /* Fontisto.ttf */; };
		A6AE7D3828C91A9200A4C038 /* Octicons.ttf in Resources */ = {isa = PBXBuildFile; fileRef = A6AE7D2828C91A9200A4C038 /* Octicons.ttf */; };
		A6AE7D3928C91A9200A4C038 /* Feather.ttf in Resources */ = {isa = PBXBuildFile; fileRef = A6AE7D2928C91A9200A4C038 /* Feather.ttf */; };
		A6AE7D3A28C91A9200A4C038 /* Entypo.ttf in Resources */ = {isa = PBXBuildFile; fileRef = A6AE7D2A28C91A9200A4C038 /* Entypo.ttf */; };
		A6AE7D3B28C91A9200A4C038 /* FontAwesome5_Brands.ttf in Resources */ = {isa = PBXBuildFile; fileRef = A6AE7D2B28C91A9200A4C038 /* FontAwesome5_Brands.ttf */; };
		A6AE7D3C28C91A9200A4C038 /* MaterialCommunityIcons.ttf in Resources */ = {isa = PBXBuildFile; fileRef = A6AE7D2C28C91A9200A4C038 /* MaterialCommunityIcons.ttf */; };
		A6AE7D3D28C91A9200A4C038 /* AntDesign.ttf in Resources */ = {isa = PBXBuildFile; fileRef = A6AE7D2D28C91A9200A4C038 /* AntDesign.ttf */; };
		A6AE7D3E28C91A9200A4C038 /* Foundation.ttf in Resources */ = {isa = PBXBuildFile; fileRef = A6AE7D2E28C91A9200A4C038 /* Foundation.ttf */; };
		A6AE7D3F28C91A9200A4C038 /* Ionicons.ttf in Resources */ = {isa = PBXBuildFile; fileRef = A6AE7D2F28C91A9200A4C038 /* Ionicons.ttf */; };
		A6AE7D4028C91A9200A4C038 /* FontAwesome5_Solid.ttf in Resources */ = {isa = PBXBuildFile; fileRef = A6AE7D3028C91A9200A4C038 /* FontAwesome5_Solid.ttf */; };
		A6AE7D4128C91A9200A4C038 /* FontAwesome5_Regular.ttf in Resources */ = {isa = PBXBuildFile; fileRef = A6AE7D3128C91A9200A4C038 /* FontAwesome5_Regular.ttf */; };
		A6AE7D4228C91A9200A4C038 /* FontAwesome.ttf in Resources */ = {isa = PBXBuildFile; fileRef = A6AE7D3228C91A9200A4C038 /* FontAwesome.ttf */; };
		A6AE7D4328C91A9200A4C038 /* Zocial.ttf in Resources */ = {isa = PBXBuildFile; fileRef = A6AE7D3328C91A9200A4C038 /* Zocial.ttf */; };
		A6AE7D4428C91A9200A4C038 /* EvilIcons.ttf in Resources */ = {isa = PBXBuildFile; fileRef = A6AE7D3428C91A9200A4C038 /* EvilIcons.ttf */; };
		A6AE7D4528C91A9200A4C038 /* SimpleLineIcons.ttf in Resources */ = {isa = PBXBuildFile; fileRef = A6AE7D3528C91A9200A4C038 /* SimpleLineIcons.ttf */; };
		A6AE7D4628C91A9200A4C038 /* MaterialIcons.ttf in Resources */ = {isa = PBXBuildFile; fileRef = A6AE7D3628C91A9200A4C038 /* MaterialIcons.ttf */; };
		ADE8398192F64B68A77A9C37 /* Poppins-SemiBold.ttf in Resources */ = {isa = PBXBuildFile; fileRef = 9F0E3292A6DC48169D77E81B /* Poppins-SemiBold.ttf */; };
		B881C0C2F70E44ADADAF1680 /* Poppins-BlackItalic.ttf in Resources */ = {isa = PBXBuildFile; fileRef = 77CA89DE8AAC4CA39AA91FE1 /* Poppins-BlackItalic.ttf */; };
		CDFC1C3980B84F4B94495FF6 /* Poppins-ExtraBold.ttf in Resources */ = {isa = PBXBuildFile; fileRef = DB217EBB14954A3FB07FE308 /* Poppins-ExtraBold.ttf */; };
		D4D0B42CBAE847088ECDF55F /* Inter-Light.ttf in Resources */ = {isa = PBXBuildFile; fileRef = 0969E449DF8F4AC480A2C448 /* Inter-Light.ttf */; };
		D54579DBD3B742C480341CF7 /* Inter-ExtraBold.ttf in Resources */ = {isa = PBXBuildFile; fileRef = AD14E5AA2B004A8A8D80877D /* Inter-ExtraBold.ttf */; };
		DD38E511F977496188F0F86A /* Poppins-Bold.ttf in Resources */ = {isa = PBXBuildFile; fileRef = 4CE5D84DCFC140189655D741 /* Poppins-Bold.ttf */; };
		ED7666C7B11F4EF6875E0BE0 /* Poppins-ExtraLightItalic.ttf in Resources */ = {isa = PBXBuildFile; fileRef = 5693B26C8BA643F08E9BA7E6 /* Poppins-ExtraLightItalic.ttf */; };
		F2E1566276624B79AD7F7736 /* Poppins-ExtraBoldItalic.ttf in Resources */ = {isa = PBXBuildFile; fileRef = D53790451133496681A20E81 /* Poppins-ExtraBoldItalic.ttf */; };
		F806589B35E6411DB410B742 /* Inter-Bold.ttf in Resources */ = {isa = PBXBuildFile; fileRef = 391212FE3C1E42698AB3F92B /* Inter-Bold.ttf */; };
/* End PBXBuildFile section */

/* Begin PBXContainerItemProxy section */
		00E356F41AD99517003FC87E /* PBXContainerItemProxy */ = {
			isa = PBXContainerItemProxy;
			containerPortal = 83CBB9F71A601CBA00E9B192 /* Project object */;
			proxyType = 1;
			remoteGlobalIDString = 13B07F861A680F5B00A75B9A;
			remoteInfo = DropIt2022;
		};
/* End PBXContainerItemProxy section */

/* Begin PBXFileReference section */
		00E356EE1AD99517003FC87E /* DropIt2022Tests.xctest */ = {isa = PBXFileReference; explicitFileType = wrapper.cfbundle; includeInIndex = 0; path = DropIt2022Tests.xctest; sourceTree = BUILT_PRODUCTS_DIR; };
		00E356F11AD99517003FC87E /* Info.plist */ = {isa = PBXFileReference; lastKnownFileType = text.plist.xml; path = Info.plist; sourceTree = "<group>"; };
		00E356F21AD99517003FC87E /* DropIt2022Tests.m */ = {isa = PBXFileReference; lastKnownFileType = sourcecode.c.objc; path = DropIt2022Tests.m; sourceTree = "<group>"; };
		0126F771010B484D91212C45 /* Poppins-BoldItalic.ttf */ = {isa = PBXFileReference; explicitFileType = undefined; fileEncoding = 9; includeInIndex = 0; lastKnownFileType = unknown; name = "Poppins-BoldItalic.ttf"; path = "../app/assets/fonts/Poppins/Poppins-BoldItalic.ttf"; sourceTree = "<group>"; };
		0969E449DF8F4AC480A2C448 /* Inter-Light.ttf */ = {isa = PBXFileReference; explicitFileType = undefined; fileEncoding = 9; includeInIndex = 0; lastKnownFileType = unknown; name = "Inter-Light.ttf"; path = "../app/assets/fonts/Inter/static/Inter-Light.ttf"; sourceTree = "<group>"; };
		0F98E67395DC49AF92013E34 /* Poppins-LightItalic.ttf */ = {isa = PBXFileReference; explicitFileType = undefined; fileEncoding = 9; includeInIndex = 0; lastKnownFileType = unknown; name = "Poppins-LightItalic.ttf"; path = "../app/assets/fonts/Poppins/Poppins-LightItalic.ttf"; sourceTree = "<group>"; };
		1078E33B63F246998E418A17 /* Inter-Regular.ttf */ = {isa = PBXFileReference; explicitFileType = undefined; fileEncoding = 9; includeInIndex = 0; lastKnownFileType = unknown; name = "Inter-Regular.ttf"; path = "../app/assets/fonts/Inter/static/Inter-Regular.ttf"; sourceTree = "<group>"; };
		12F848575E7C44CAA58A0F4C /* Poppins-Thin.ttf */ = {isa = PBXFileReference; explicitFileType = undefined; fileEncoding = 9; includeInIndex = 0; lastKnownFileType = unknown; name = "Poppins-Thin.ttf"; path = "../app/assets/fonts/Poppins/Poppins-Thin.ttf"; sourceTree = "<group>"; };
		13B07F961A680F5B00A75B9A /* DropIt2022.app */ = {isa = PBXFileReference; explicitFileType = wrapper.application; includeInIndex = 0; path = DropIt2022.app; sourceTree = BUILT_PRODUCTS_DIR; };
		13B07FAF1A68108700A75B9A /* AppDelegate.h */ = {isa = PBXFileReference; fileEncoding = 4; lastKnownFileType = sourcecode.c.h; name = AppDelegate.h; path = DropIt2022/AppDelegate.h; sourceTree = "<group>"; };
		13B07FB01A68108700A75B9A /* AppDelegate.mm */ = {isa = PBXFileReference; fileEncoding = 4; lastKnownFileType = sourcecode.cpp.objcpp; name = AppDelegate.mm; path = DropIt2022/AppDelegate.mm; sourceTree = "<group>"; };
		13B07FB51A68108700A75B9A /* Images.xcassets */ = {isa = PBXFileReference; lastKnownFileType = folder.assetcatalog; name = Images.xcassets; path = DropIt2022/Images.xcassets; sourceTree = "<group>"; };
		13B07FB61A68108700A75B9A /* Info.plist */ = {isa = PBXFileReference; fileEncoding = 4; lastKnownFileType = text.plist.xml; name = Info.plist; path = DropIt2022/Info.plist; sourceTree = "<group>"; };
		13B07FB71A68108700A75B9A /* main.m */ = {isa = PBXFileReference; fileEncoding = 4; lastKnownFileType = sourcecode.c.objc; name = main.m; path = DropIt2022/main.m; sourceTree = "<group>"; };
		1AF190C23429AA8DD881E740 /* Pods-DropIt2022-DropIt2022Tests.release.xcconfig */ = {isa = PBXFileReference; includeInIndex = 1; lastKnownFileType = text.xcconfig; name = "Pods-DropIt2022-DropIt2022Tests.release.xcconfig"; path = "Target Support Files/Pods-DropIt2022-DropIt2022Tests/Pods-DropIt2022-DropIt2022Tests.release.xcconfig"; sourceTree = "<group>"; };
		1B53396AA1794146BADD7912 /* Inter-Thin.ttf */ = {isa = PBXFileReference; explicitFileType = undefined; fileEncoding = 9; includeInIndex = 0; lastKnownFileType = unknown; name = "Inter-Thin.ttf"; path = "../app/assets/fonts/Inter/static/Inter-Thin.ttf"; sourceTree = "<group>"; };
		2395B018FC0E83C2F80384AE /* Pods_DropIt2022.framework */ = {isa = PBXFileReference; explicitFileType = wrapper.framework; includeInIndex = 0; path = Pods_DropIt2022.framework; sourceTree = BUILT_PRODUCTS_DIR; };
		30EC61EA5C0646BB9E286968 /* Inter-SemiBold.ttf */ = {isa = PBXFileReference; explicitFileType = undefined; fileEncoding = 9; includeInIndex = 0; lastKnownFileType = unknown; name = "Inter-SemiBold.ttf"; path = "../app/assets/fonts/Inter/static/Inter-SemiBold.ttf"; sourceTree = "<group>"; };
		391212FE3C1E42698AB3F92B /* Inter-Bold.ttf */ = {isa = PBXFileReference; explicitFileType = undefined; fileEncoding = 9; includeInIndex = 0; lastKnownFileType = unknown; name = "Inter-Bold.ttf"; path = "../app/assets/fonts/Inter/static/Inter-Bold.ttf"; sourceTree = "<group>"; };
		4A9F8E8CD4DE4ED0B7926DA0 /* Poppins-Medium.ttf */ = {isa = PBXFileReference; explicitFileType = undefined; fileEncoding = 9; includeInIndex = 0; lastKnownFileType = unknown; name = "Poppins-Medium.ttf"; path = "../app/assets/fonts/Poppins/Poppins-Medium.ttf"; sourceTree = "<group>"; };
		4CE5D84DCFC140189655D741 /* Poppins-Bold.ttf */ = {isa = PBXFileReference; explicitFileType = undefined; fileEncoding = 9; includeInIndex = 0; lastKnownFileType = unknown; name = "Poppins-Bold.ttf"; path = "../app/assets/fonts/Poppins/Poppins-Bold.ttf"; sourceTree = "<group>"; };
		4D4884DE34224A7EB1485EB2 /* Inter-Medium.ttf */ = {isa = PBXFileReference; explicitFileType = undefined; fileEncoding = 9; includeInIndex = 0; lastKnownFileType = unknown; name = "Inter-Medium.ttf"; path = "../app/assets/fonts/Inter/static/Inter-Medium.ttf"; sourceTree = "<group>"; };
		5693B26C8BA643F08E9BA7E6 /* Poppins-ExtraLightItalic.ttf */ = {isa = PBXFileReference; explicitFileType = undefined; fileEncoding = 9; includeInIndex = 0; lastKnownFileType = unknown; name = "Poppins-ExtraLightItalic.ttf"; path = "../app/assets/fonts/Poppins/Poppins-ExtraLightItalic.ttf"; sourceTree = "<group>"; };
		6952CDE94D8FE9AFA7D8CB03 /* Pods-DropIt2022Tests.debug.xcconfig */ = {isa = PBXFileReference; includeInIndex = 1; lastKnownFileType = text.xcconfig; name = "Pods-DropIt2022Tests.debug.xcconfig"; path = "Target Support Files/Pods-DropIt2022Tests/Pods-DropIt2022Tests.debug.xcconfig"; sourceTree = "<group>"; };
		7034DD81587545B0AC11DC85 /* Poppins-MediumItalic.ttf */ = {isa = PBXFileReference; explicitFileType = undefined; fileEncoding = 9; includeInIndex = 0; lastKnownFileType = unknown; name = "Poppins-MediumItalic.ttf"; path = "../app/assets/fonts/Poppins/Poppins-MediumItalic.ttf"; sourceTree = "<group>"; };
		76F3FB1423783F0DF694F956 /* Pods-DropIt2022-DropIt2022Tests.debug.xcconfig */ = {isa = PBXFileReference; includeInIndex = 1; lastKnownFileType = text.xcconfig; name = "Pods-DropIt2022-DropIt2022Tests.debug.xcconfig"; path = "Target Support Files/Pods-DropIt2022-DropIt2022Tests/Pods-DropIt2022-DropIt2022Tests.debug.xcconfig"; sourceTree = "<group>"; };
		77CA89DE8AAC4CA39AA91FE1 /* Poppins-BlackItalic.ttf */ = {isa = PBXFileReference; explicitFileType = undefined; fileEncoding = 9; includeInIndex = 0; lastKnownFileType = unknown; name = "Poppins-BlackItalic.ttf"; path = "../app/assets/fonts/Poppins/Poppins-BlackItalic.ttf"; sourceTree = "<group>"; };
		7950333486904337B7361362 /* README.txt */ = {isa = PBXFileReference; explicitFileType = undefined; fileEncoding = 9; includeInIndex = 0; lastKnownFileType = unknown; name = README.txt; path = ../app/assets/fonts/Inter/README.txt; sourceTree = "<group>"; };
		81AB9BB72411601600AC10FF /* LaunchScreen.storyboard */ = {isa = PBXFileReference; fileEncoding = 4; lastKnownFileType = file.storyboard; name = LaunchScreen.storyboard; path = DropIt2022/LaunchScreen.storyboard; sourceTree = "<group>"; };
		83729377CCBD45BBAC18608E /* Poppins-Light.ttf */ = {isa = PBXFileReference; explicitFileType = undefined; fileEncoding = 9; includeInIndex = 0; lastKnownFileType = unknown; name = "Poppins-Light.ttf"; path = "../app/assets/fonts/Poppins/Poppins-Light.ttf"; sourceTree = "<group>"; };
		884062579BEF4DB3ADF4CDBA /* Poppins-SemiBoldItalic.ttf */ = {isa = PBXFileReference; explicitFileType = undefined; fileEncoding = 9; includeInIndex = 0; lastKnownFileType = unknown; name = "Poppins-SemiBoldItalic.ttf"; path = "../app/assets/fonts/Poppins/Poppins-SemiBoldItalic.ttf"; sourceTree = "<group>"; };
		945D75E9D2E04EFFAD5F5FE1 /* Poppins-Black.ttf */ = {isa = PBXFileReference; explicitFileType = undefined; fileEncoding = 9; includeInIndex = 0; lastKnownFileType = unknown; name = "Poppins-Black.ttf"; path = "../app/assets/fonts/Poppins/Poppins-Black.ttf"; sourceTree = "<group>"; };
		9C85B1220D9B4BA6BA4ED415 /* Poppins-ThinItalic.ttf */ = {isa = PBXFileReference; explicitFileType = undefined; fileEncoding = 9; includeInIndex = 0; lastKnownFileType = unknown; name = "Poppins-ThinItalic.ttf"; path = "../app/assets/fonts/Poppins/Poppins-ThinItalic.ttf"; sourceTree = "<group>"; };
		9F0E3292A6DC48169D77E81B /* Poppins-SemiBold.ttf */ = {isa = PBXFileReference; explicitFileType = undefined; fileEncoding = 9; includeInIndex = 0; lastKnownFileType = unknown; name = "Poppins-SemiBold.ttf"; path = "../app/assets/fonts/Poppins/Poppins-SemiBold.ttf"; sourceTree = "<group>"; };
		A1ABEC763010483D967101D2 /* Poppins-Regular.ttf */ = {isa = PBXFileReference; explicitFileType = undefined; fileEncoding = 9; includeInIndex = 0; lastKnownFileType = unknown; name = "Poppins-Regular.ttf"; path = "../app/assets/fonts/Poppins/Poppins-Regular.ttf"; sourceTree = "<group>"; };
		A60360C728BFC0240079370F /* CoreLocation.framework */ = {isa = PBXFileReference; lastKnownFileType = wrapper.framework; name = CoreLocation.framework; path = System/Library/Frameworks/CoreLocation.framework; sourceTree = SDKROOT; };
		A60532522924547400FEDA54 /* GoogleService-Info.plist */ = {isa = PBXFileReference; fileEncoding = 4; lastKnownFileType = text.plist.xml; name = "GoogleService-Info.plist"; path = "../GoogleService-Info.plist"; sourceTree = "<group>"; };
		A60532542924685700FEDA54 /* DropIt2022.entitlements */ = {isa = PBXFileReference; lastKnownFileType = text.plist.entitlements; name = DropIt2022.entitlements; path = DropIt2022/DropIt2022.entitlements; sourceTree = "<group>"; };
		A6AE7D2728C91A9200A4C038 /* Fontisto.ttf */ = {isa = PBXFileReference; lastKnownFileType = file; path = Fontisto.ttf; sourceTree = "<group>"; };
		A6AE7D2828C91A9200A4C038 /* Octicons.ttf */ = {isa = PBXFileReference; lastKnownFileType = file; path = Octicons.ttf; sourceTree = "<group>"; };
		A6AE7D2928C91A9200A4C038 /* Feather.ttf */ = {isa = PBXFileReference; lastKnownFileType = file; path = Feather.ttf; sourceTree = "<group>"; };
		A6AE7D2A28C91A9200A4C038 /* Entypo.ttf */ = {isa = PBXFileReference; lastKnownFileType = file; path = Entypo.ttf; sourceTree = "<group>"; };
		A6AE7D2B28C91A9200A4C038 /* FontAwesome5_Brands.ttf */ = {isa = PBXFileReference; lastKnownFileType = file; path = FontAwesome5_Brands.ttf; sourceTree = "<group>"; };
		A6AE7D2C28C91A9200A4C038 /* MaterialCommunityIcons.ttf */ = {isa = PBXFileReference; lastKnownFileType = file; path = MaterialCommunityIcons.ttf; sourceTree = "<group>"; };
		A6AE7D2D28C91A9200A4C038 /* AntDesign.ttf */ = {isa = PBXFileReference; lastKnownFileType = file; path = AntDesign.ttf; sourceTree = "<group>"; };
		A6AE7D2E28C91A9200A4C038 /* Foundation.ttf */ = {isa = PBXFileReference; lastKnownFileType = file; path = Foundation.ttf; sourceTree = "<group>"; };
		A6AE7D2F28C91A9200A4C038 /* Ionicons.ttf */ = {isa = PBXFileReference; lastKnownFileType = file; path = Ionicons.ttf; sourceTree = "<group>"; };
		A6AE7D3028C91A9200A4C038 /* FontAwesome5_Solid.ttf */ = {isa = PBXFileReference; lastKnownFileType = file; path = FontAwesome5_Solid.ttf; sourceTree = "<group>"; };
		A6AE7D3128C91A9200A4C038 /* FontAwesome5_Regular.ttf */ = {isa = PBXFileReference; lastKnownFileType = file; path = FontAwesome5_Regular.ttf; sourceTree = "<group>"; };
		A6AE7D3228C91A9200A4C038 /* FontAwesome.ttf */ = {isa = PBXFileReference; lastKnownFileType = file; path = FontAwesome.ttf; sourceTree = "<group>"; };
		A6AE7D3328C91A9200A4C038 /* Zocial.ttf */ = {isa = PBXFileReference; lastKnownFileType = file; path = Zocial.ttf; sourceTree = "<group>"; };
		A6AE7D3428C91A9200A4C038 /* EvilIcons.ttf */ = {isa = PBXFileReference; lastKnownFileType = file; path = EvilIcons.ttf; sourceTree = "<group>"; };
		A6AE7D3528C91A9200A4C038 /* SimpleLineIcons.ttf */ = {isa = PBXFileReference; lastKnownFileType = file; path = SimpleLineIcons.ttf; sourceTree = "<group>"; };
		A6AE7D3628C91A9200A4C038 /* MaterialIcons.ttf */ = {isa = PBXFileReference; lastKnownFileType = file; path = MaterialIcons.ttf; sourceTree = "<group>"; };
		A6C74947DF994B57BF19BFB3 /* OFL.txt */ = {isa = PBXFileReference; explicitFileType = undefined; fileEncoding = 9; includeInIndex = 0; lastKnownFileType = unknown; name = OFL.txt; path = ../app/assets/fonts/Poppins/OFL.txt; sourceTree = "<group>"; };
		A6DE2DD6292E6F600094CF5F /* libGoogle-Maps-iOS-Utils.a */ = {isa = PBXFileReference; explicitFileType = archive.ar; path = "libGoogle-Maps-iOS-Utils.a"; sourceTree = BUILT_PRODUCTS_DIR; };
		A6DE2DD8292E6F600094CF5F /* libreact-native-google-maps.a */ = {isa = PBXFileReference; explicitFileType = archive.ar; path = "libreact-native-google-maps.a"; sourceTree = BUILT_PRODUCTS_DIR; };
		A7721505AF1EF361FC021A62 /* Pods-DropIt2022.release.xcconfig */ = {isa = PBXFileReference; includeInIndex = 1; lastKnownFileType = text.xcconfig; name = "Pods-DropIt2022.release.xcconfig"; path = "Target Support Files/Pods-DropIt2022/Pods-DropIt2022.release.xcconfig"; sourceTree = "<group>"; };
		AD14E5AA2B004A8A8D80877D /* Inter-ExtraBold.ttf */ = {isa = PBXFileReference; explicitFileType = undefined; fileEncoding = 9; includeInIndex = 0; lastKnownFileType = unknown; name = "Inter-ExtraBold.ttf"; path = "../app/assets/fonts/Inter/static/Inter-ExtraBold.ttf"; sourceTree = "<group>"; };
		B6B8BF456949D5E0222ACA56 /* Pods-DropIt2022.debug.xcconfig */ = {isa = PBXFileReference; includeInIndex = 1; lastKnownFileType = text.xcconfig; name = "Pods-DropIt2022.debug.xcconfig"; path = "Target Support Files/Pods-DropIt2022/Pods-DropIt2022.debug.xcconfig"; sourceTree = "<group>"; };
		BE9CF5DEA2D54D5BB134C5B7 /* Poppins-ExtraLight.ttf */ = {isa = PBXFileReference; explicitFileType = undefined; fileEncoding = 9; includeInIndex = 0; lastKnownFileType = unknown; name = "Poppins-ExtraLight.ttf"; path = "../app/assets/fonts/Poppins/Poppins-ExtraLight.ttf"; sourceTree = "<group>"; };
		C8525CBF279547A0AACA20AC /* OFL.txt */ = {isa = PBXFileReference; explicitFileType = undefined; fileEncoding = 9; includeInIndex = 0; lastKnownFileType = unknown; name = OFL.txt; path = ../app/assets/fonts/Inter/OFL.txt; sourceTree = "<group>"; };
		CD919B54B64781A3613D795F /* Pods_DropIt2022_DropIt2022Tests.framework */ = {isa = PBXFileReference; explicitFileType = wrapper.framework; includeInIndex = 0; path = Pods_DropIt2022_DropIt2022Tests.framework; sourceTree = BUILT_PRODUCTS_DIR; };
		D32165483F964AE2ACEC24CA /* Poppins-Italic.ttf */ = {isa = PBXFileReference; explicitFileType = undefined; fileEncoding = 9; includeInIndex = 0; lastKnownFileType = unknown; name = "Poppins-Italic.ttf"; path = "../app/assets/fonts/Poppins/Poppins-Italic.ttf"; sourceTree = "<group>"; };
		D53790451133496681A20E81 /* Poppins-ExtraBoldItalic.ttf */ = {isa = PBXFileReference; explicitFileType = undefined; fileEncoding = 9; includeInIndex = 0; lastKnownFileType = unknown; name = "Poppins-ExtraBoldItalic.ttf"; path = "../app/assets/fonts/Poppins/Poppins-ExtraBoldItalic.ttf"; sourceTree = "<group>"; };
		DB217EBB14954A3FB07FE308 /* Poppins-ExtraBold.ttf */ = {isa = PBXFileReference; explicitFileType = undefined; fileEncoding = 9; includeInIndex = 0; lastKnownFileType = unknown; name = "Poppins-ExtraBold.ttf"; path = "../app/assets/fonts/Poppins/Poppins-ExtraBold.ttf"; sourceTree = "<group>"; };
		E12EF64136EE4731BDDF8299 /* Inter-Black.ttf */ = {isa = PBXFileReference; explicitFileType = undefined; fileEncoding = 9; includeInIndex = 0; lastKnownFileType = unknown; name = "Inter-Black.ttf"; path = "../app/assets/fonts/Inter/static/Inter-Black.ttf"; sourceTree = "<group>"; };
		E60D0D23279142CFADFCA78B /* Inter-VariableFont_slnt,wght.ttf */ = {isa = PBXFileReference; explicitFileType = undefined; fileEncoding = 9; includeInIndex = 0; lastKnownFileType = unknown; name = "Inter-VariableFont_slnt,wght.ttf"; path = "../app/assets/fonts/Inter/Inter-VariableFont_slnt,wght.ttf"; sourceTree = "<group>"; };
		ED297162215061F000B7C4FE /* JavaScriptCore.framework */ = {isa = PBXFileReference; lastKnownFileType = wrapper.framework; name = JavaScriptCore.framework; path = System/Library/Frameworks/JavaScriptCore.framework; sourceTree = SDKROOT; };
		F1384D43C3D3410D98AA68C8 /* Inter-ExtraLight.ttf */ = {isa = PBXFileReference; explicitFileType = undefined; fileEncoding = 9; includeInIndex = 0; lastKnownFileType = unknown; name = "Inter-ExtraLight.ttf"; path = "../app/assets/fonts/Inter/static/Inter-ExtraLight.ttf"; sourceTree = "<group>"; };
		F89E7AC8A1B16784F19DDC5F /* Pods-DropIt2022Tests.release.xcconfig */ = {isa = PBXFileReference; includeInIndex = 1; lastKnownFileType = text.xcconfig; name = "Pods-DropIt2022Tests.release.xcconfig"; path = "Target Support Files/Pods-DropIt2022Tests/Pods-DropIt2022Tests.release.xcconfig"; sourceTree = "<group>"; };
/* End PBXFileReference section */

/* Begin PBXFrameworksBuildPhase section */
		00E356EB1AD99517003FC87E /* Frameworks */ = {
			isa = PBXFrameworksBuildPhase;
			buildActionMask = 2147483647;
			files = (
				70411EB27D440C243BF8D35B /* Pods_DropIt2022_DropIt2022Tests.framework in Frameworks */,
			);
			runOnlyForDeploymentPostprocessing = 0;
		};
		13B07F8C1A680F5B00A75B9A /* Frameworks */ = {
			isa = PBXFrameworksBuildPhase;
			buildActionMask = 2147483647;
			files = (
				A60360C828BFC0240079370F /* CoreLocation.framework in Frameworks */,
				8C52724C2C4E4271CCA04761 /* Pods_DropIt2022.framework in Frameworks */,
			);
			runOnlyForDeploymentPostprocessing = 0;
		};
/* End PBXFrameworksBuildPhase section */

/* Begin PBXGroup section */
		00E356EF1AD99517003FC87E /* DropIt2022Tests */ = {
			isa = PBXGroup;
			children = (
				00E356F21AD99517003FC87E /* DropIt2022Tests.m */,
				00E356F01AD99517003FC87E /* Supporting Files */,
			);
			path = DropIt2022Tests;
			sourceTree = "<group>";
		};
		00E356F01AD99517003FC87E /* Supporting Files */ = {
			isa = PBXGroup;
			children = (
				00E356F11AD99517003FC87E /* Info.plist */,
			);
			name = "Supporting Files";
			sourceTree = "<group>";
		};
		13B07FAE1A68108700A75B9A /* DropIt2022 */ = {
			isa = PBXGroup;
			children = (
				A60532542924685700FEDA54 /* DropIt2022.entitlements */,
				13B07FAF1A68108700A75B9A /* AppDelegate.h */,
				13B07FB01A68108700A75B9A /* AppDelegate.mm */,
				13B07FB51A68108700A75B9A /* Images.xcassets */,
				13B07FB61A68108700A75B9A /* Info.plist */,
				81AB9BB72411601600AC10FF /* LaunchScreen.storyboard */,
				13B07FB71A68108700A75B9A /* main.m */,
			);
			name = DropIt2022;
			sourceTree = "<group>";
		};
		2D16E6871FA4F8E400B85C8A /* Frameworks */ = {
			isa = PBXGroup;
			children = (
				A6DE2DD6292E6F600094CF5F /* libGoogle-Maps-iOS-Utils.a */,
				A6DE2DD8292E6F600094CF5F /* libreact-native-google-maps.a */,
				A60360C728BFC0240079370F /* CoreLocation.framework */,
				ED297162215061F000B7C4FE /* JavaScriptCore.framework */,
				2395B018FC0E83C2F80384AE /* Pods_DropIt2022.framework */,
				CD919B54B64781A3613D795F /* Pods_DropIt2022_DropIt2022Tests.framework */,
			);
			name = Frameworks;
			sourceTree = "<group>";
		};
		52547D8F51C346E99BC7E056 /* Resources */ = {
			isa = PBXGroup;
			children = (
				E60D0D23279142CFADFCA78B /* Inter-VariableFont_slnt,wght.ttf */,
				E12EF64136EE4731BDDF8299 /* Inter-Black.ttf */,
				391212FE3C1E42698AB3F92B /* Inter-Bold.ttf */,
				AD14E5AA2B004A8A8D80877D /* Inter-ExtraBold.ttf */,
				F1384D43C3D3410D98AA68C8 /* Inter-ExtraLight.ttf */,
				0969E449DF8F4AC480A2C448 /* Inter-Light.ttf */,
				4D4884DE34224A7EB1485EB2 /* Inter-Medium.ttf */,
				1078E33B63F246998E418A17 /* Inter-Regular.ttf */,
				30EC61EA5C0646BB9E286968 /* Inter-SemiBold.ttf */,
				1B53396AA1794146BADD7912 /* Inter-Thin.ttf */,
				945D75E9D2E04EFFAD5F5FE1 /* Poppins-Black.ttf */,
				77CA89DE8AAC4CA39AA91FE1 /* Poppins-BlackItalic.ttf */,
				4CE5D84DCFC140189655D741 /* Poppins-Bold.ttf */,
				0126F771010B484D91212C45 /* Poppins-BoldItalic.ttf */,
				DB217EBB14954A3FB07FE308 /* Poppins-ExtraBold.ttf */,
				D53790451133496681A20E81 /* Poppins-ExtraBoldItalic.ttf */,
				BE9CF5DEA2D54D5BB134C5B7 /* Poppins-ExtraLight.ttf */,
				5693B26C8BA643F08E9BA7E6 /* Poppins-ExtraLightItalic.ttf */,
				D32165483F964AE2ACEC24CA /* Poppins-Italic.ttf */,
				83729377CCBD45BBAC18608E /* Poppins-Light.ttf */,
				0F98E67395DC49AF92013E34 /* Poppins-LightItalic.ttf */,
				4A9F8E8CD4DE4ED0B7926DA0 /* Poppins-Medium.ttf */,
				7034DD81587545B0AC11DC85 /* Poppins-MediumItalic.ttf */,
				A1ABEC763010483D967101D2 /* Poppins-Regular.ttf */,
				9F0E3292A6DC48169D77E81B /* Poppins-SemiBold.ttf */,
				884062579BEF4DB3ADF4CDBA /* Poppins-SemiBoldItalic.ttf */,
				12F848575E7C44CAA58A0F4C /* Poppins-Thin.ttf */,
				9C85B1220D9B4BA6BA4ED415 /* Poppins-ThinItalic.ttf */,
				C8525CBF279547A0AACA20AC /* OFL.txt */,
				7950333486904337B7361362 /* README.txt */,
				A6C74947DF994B57BF19BFB3 /* OFL.txt */,
			);
			name = Resources;
			sourceTree = "<group>";
		};
		832341AE1AAA6A7D00B99B32 /* Libraries */ = {
			isa = PBXGroup;
			children = (
			);
			name = Libraries;
			sourceTree = "<group>";
		};
		83CBB9F61A601CBA00E9B192 = {
			isa = PBXGroup;
			children = (
				A60532522924547400FEDA54 /* GoogleService-Info.plist */,
				13B07FAE1A68108700A75B9A /* DropIt2022 */,
				832341AE1AAA6A7D00B99B32 /* Libraries */,
				00E356EF1AD99517003FC87E /* DropIt2022Tests */,
				83CBBA001A601CBA00E9B192 /* Products */,
				2D16E6871FA4F8E400B85C8A /* Frameworks */,
				BBD78D7AC51CEA395F1C20DB /* Pods */,
				A6AE7D2628C91A9200A4C038 /* Fonts */,
				52547D8F51C346E99BC7E056 /* Resources */,
			);
			indentWidth = 2;
			sourceTree = "<group>";
			tabWidth = 2;
			usesTabs = 0;
		};
		83CBBA001A601CBA00E9B192 /* Products */ = {
			isa = PBXGroup;
			children = (
				13B07F961A680F5B00A75B9A /* DropIt2022.app */,
				00E356EE1AD99517003FC87E /* DropIt2022Tests.xctest */,
			);
			name = Products;
			sourceTree = "<group>";
		};
		A6AE7D2628C91A9200A4C038 /* Fonts */ = {
			isa = PBXGroup;
			children = (
				A6AE7D2728C91A9200A4C038 /* Fontisto.ttf */,
				A6AE7D2828C91A9200A4C038 /* Octicons.ttf */,
				A6AE7D2928C91A9200A4C038 /* Feather.ttf */,
				A6AE7D2A28C91A9200A4C038 /* Entypo.ttf */,
				A6AE7D2B28C91A9200A4C038 /* FontAwesome5_Brands.ttf */,
				A6AE7D2C28C91A9200A4C038 /* MaterialCommunityIcons.ttf */,
				A6AE7D2D28C91A9200A4C038 /* AntDesign.ttf */,
				A6AE7D2E28C91A9200A4C038 /* Foundation.ttf */,
				A6AE7D2F28C91A9200A4C038 /* Ionicons.ttf */,
				A6AE7D3028C91A9200A4C038 /* FontAwesome5_Solid.ttf */,
				A6AE7D3128C91A9200A4C038 /* FontAwesome5_Regular.ttf */,
				A6AE7D3228C91A9200A4C038 /* FontAwesome.ttf */,
				A6AE7D3328C91A9200A4C038 /* Zocial.ttf */,
				A6AE7D3428C91A9200A4C038 /* EvilIcons.ttf */,
				A6AE7D3528C91A9200A4C038 /* SimpleLineIcons.ttf */,
				A6AE7D3628C91A9200A4C038 /* MaterialIcons.ttf */,
			);
			path = Fonts;
			sourceTree = "<group>";
		};
		BBD78D7AC51CEA395F1C20DB /* Pods */ = {
			isa = PBXGroup;
			children = (
				B6B8BF456949D5E0222ACA56 /* Pods-DropIt2022.debug.xcconfig */,
				A7721505AF1EF361FC021A62 /* Pods-DropIt2022.release.xcconfig */,
				6952CDE94D8FE9AFA7D8CB03 /* Pods-DropIt2022Tests.debug.xcconfig */,
				F89E7AC8A1B16784F19DDC5F /* Pods-DropIt2022Tests.release.xcconfig */,
				76F3FB1423783F0DF694F956 /* Pods-DropIt2022-DropIt2022Tests.debug.xcconfig */,
				1AF190C23429AA8DD881E740 /* Pods-DropIt2022-DropIt2022Tests.release.xcconfig */,
			);
			path = Pods;
			sourceTree = "<group>";
		};
/* End PBXGroup section */

/* Begin PBXNativeTarget section */
		00E356ED1AD99517003FC87E /* DropIt2022Tests */ = {
			isa = PBXNativeTarget;
			buildConfigurationList = 00E357021AD99517003FC87E /* Build configuration list for PBXNativeTarget "DropIt2022Tests" */;
			buildPhases = (
				7735FDF16D50AF9E0DD285B3 /* [CP] Check Pods Manifest.lock */,
				00E356EA1AD99517003FC87E /* Sources */,
				00E356EB1AD99517003FC87E /* Frameworks */,
				00E356EC1AD99517003FC87E /* Resources */,
				464198CA81681921AFA25069 /* [CP] Embed Pods Frameworks */,
			);
			buildRules = (
			);
			dependencies = (
				00E356F51AD99517003FC87E /* PBXTargetDependency */,
			);
			name = DropIt2022Tests;
			productName = DropIt2022Tests;
			productReference = 00E356EE1AD99517003FC87E /* DropIt2022Tests.xctest */;
			productType = "com.apple.product-type.bundle.unit-test";
		};
		13B07F861A680F5B00A75B9A /* DropIt2022 */ = {
			isa = PBXNativeTarget;
			buildConfigurationList = 13B07F931A680F5B00A75B9A /* Build configuration list for PBXNativeTarget "DropIt2022" */;
			buildPhases = (
				D559650029F1045F5ED5F95F /* [CP] Check Pods Manifest.lock */,
				FD10A7F022414F080027D42C /* Start Packager */,
				13B07F871A680F5B00A75B9A /* Sources */,
				13B07F8C1A680F5B00A75B9A /* Frameworks */,
				13B07F8E1A680F5B00A75B9A /* Resources */,
				00DD1BFF1BD5951E006B06BC /* Bundle React Native code and images */,
				39442F67D4716441E0B84BA4 /* [CP] Embed Pods Frameworks */,
				B9C5F1BFEB660D4BEA384189 /* [CP-User] [RNFB] Core Configuration */,
			);
			buildRules = (
			);
			dependencies = (
			);
			name = DropIt2022;
			productName = DropIt2022;
			productReference = 13B07F961A680F5B00A75B9A /* DropIt2022.app */;
			productType = "com.apple.product-type.application";
		};
/* End PBXNativeTarget section */

/* Begin PBXProject section */
		83CBB9F71A601CBA00E9B192 /* Project object */ = {
			isa = PBXProject;
			attributes = {
				LastUpgradeCheck = 1330;
				TargetAttributes = {
					00E356ED1AD99517003FC87E = {
						CreatedOnToolsVersion = 6.2;
						TestTargetID = 13B07F861A680F5B00A75B9A;
					};
					13B07F861A680F5B00A75B9A = {
						LastSwiftMigration = 1120;
					};
				};
			};
			buildConfigurationList = 83CBB9FA1A601CBA00E9B192 /* Build configuration list for PBXProject "DropIt2022" */;
			compatibilityVersion = "Xcode 12.0";
			developmentRegion = en;
			hasScannedForEncodings = 0;
			knownRegions = (
				en,
				Base,
			);
			mainGroup = 83CBB9F61A601CBA00E9B192;
			productRefGroup = 83CBBA001A601CBA00E9B192 /* Products */;
			projectDirPath = "";
			projectRoot = "";
			targets = (
				13B07F861A680F5B00A75B9A /* DropIt2022 */,
				00E356ED1AD99517003FC87E /* DropIt2022Tests */,
			);
		};
/* End PBXProject section */

/* Begin PBXResourcesBuildPhase section */
		00E356EC1AD99517003FC87E /* Resources */ = {
			isa = PBXResourcesBuildPhase;
			buildActionMask = 2147483647;
			files = (
			);
			runOnlyForDeploymentPostprocessing = 0;
		};
		13B07F8E1A680F5B00A75B9A /* Resources */ = {
			isa = PBXResourcesBuildPhase;
			buildActionMask = 2147483647;
			files = (
				A6AE7D4128C91A9200A4C038 /* FontAwesome5_Regular.ttf in Resources */,
				A6AE7D3828C91A9200A4C038 /* Octicons.ttf in Resources */,
				A6AE7D3B28C91A9200A4C038 /* FontAwesome5_Brands.ttf in Resources */,
				A6AE7D3F28C91A9200A4C038 /* Ionicons.ttf in Resources */,
				A6AE7D4628C91A9200A4C038 /* MaterialIcons.ttf in Resources */,
				A6AE7D4028C91A9200A4C038 /* FontAwesome5_Solid.ttf in Resources */,
				A6AE7D4528C91A9200A4C038 /* SimpleLineIcons.ttf in Resources */,
				A6AE7D3A28C91A9200A4C038 /* Entypo.ttf in Resources */,
				81AB9BB82411601600AC10FF /* LaunchScreen.storyboard in Resources */,
				A6AE7D3D28C91A9200A4C038 /* AntDesign.ttf in Resources */,
				A6AE7D4328C91A9200A4C038 /* Zocial.ttf in Resources */,
				A6AE7D3E28C91A9200A4C038 /* Foundation.ttf in Resources */,
				A6AE7D3928C91A9200A4C038 /* Feather.ttf in Resources */,
				A6AE7D4428C91A9200A4C038 /* EvilIcons.ttf in Resources */,
				13B07FBF1A68108700A75B9A /* Images.xcassets in Resources */,
				A6AE7D4228C91A9200A4C038 /* FontAwesome.ttf in Resources */,
				A6AE7D3728C91A9200A4C038 /* Fontisto.ttf in Resources */,
				A6AE7D3C28C91A9200A4C038 /* MaterialCommunityIcons.ttf in Resources */,
				A60532532924547400FEDA54 /* GoogleService-Info.plist in Resources */,
				5D6B28457E454C7A866377B9 /* Inter-VariableFont_slnt,wght.ttf in Resources */,
				A311B79772854FBAB530C88E /* Inter-Black.ttf in Resources */,
				F806589B35E6411DB410B742 /* Inter-Bold.ttf in Resources */,
				D54579DBD3B742C480341CF7 /* Inter-ExtraBold.ttf in Resources */,
				304410C27C2E4FAE8C0E4458 /* Inter-ExtraLight.ttf in Resources */,
				D4D0B42CBAE847088ECDF55F /* Inter-Light.ttf in Resources */,
				42FDB8B2E43049F388BC4B17 /* Inter-Medium.ttf in Resources */,
				1389A0DB2FF94D48B6300595 /* Inter-Regular.ttf in Resources */,
				73B0BDAE6A9A45C182A4CA4A /* Inter-SemiBold.ttf in Resources */,
				A5C3DEFF48D84D3F9A9E3EC0 /* Inter-Thin.ttf in Resources */,
				056E82C479AF45B0B4DB4014 /* Poppins-Black.ttf in Resources */,
				B881C0C2F70E44ADADAF1680 /* Poppins-BlackItalic.ttf in Resources */,
				DD38E511F977496188F0F86A /* Poppins-Bold.ttf in Resources */,
				65500C8953FB4D95B9332FB1 /* Poppins-BoldItalic.ttf in Resources */,
				CDFC1C3980B84F4B94495FF6 /* Poppins-ExtraBold.ttf in Resources */,
				F2E1566276624B79AD7F7736 /* Poppins-ExtraBoldItalic.ttf in Resources */,
				36408E28EB164EC38541A0C0 /* Poppins-ExtraLight.ttf in Resources */,
				ED7666C7B11F4EF6875E0BE0 /* Poppins-ExtraLightItalic.ttf in Resources */,
				90135752EDF941A18DAFC3E7 /* Poppins-Italic.ttf in Resources */,
				2845F94322204B27BFF26885 /* Poppins-Light.ttf in Resources */,
				9D980F96751640FE8D929C75 /* Poppins-LightItalic.ttf in Resources */,
				5AF36B2C4DD04CCBA743A99A /* Poppins-Medium.ttf in Resources */,
				1EEA91D8923F4C868CD67365 /* Poppins-MediumItalic.ttf in Resources */,
				790598DD3608460A82293160 /* Poppins-Regular.ttf in Resources */,
				ADE8398192F64B68A77A9C37 /* Poppins-SemiBold.ttf in Resources */,
				38BE039FB0F14AB1B0C4E5AF /* Poppins-SemiBoldItalic.ttf in Resources */,
				8A27886E36724DEEAA8B203F /* Poppins-Thin.ttf in Resources */,
				78506A14D5244A7EA38E30EA /* Poppins-ThinItalic.ttf in Resources */,
			);
			runOnlyForDeploymentPostprocessing = 0;
		};
/* End PBXResourcesBuildPhase section */

/* Begin PBXShellScriptBuildPhase section */
		00DD1BFF1BD5951E006B06BC /* Bundle React Native code and images */ = {
			isa = PBXShellScriptBuildPhase;
			buildActionMask = 2147483647;
			files = (
			);
			inputPaths = (
			);
			name = "Bundle React Native code and images";
			outputPaths = (
			);
			runOnlyForDeploymentPostprocessing = 0;
			shellPath = /bin/sh;
			shellScript = "set -e\n\nexport NODE_BINARY=node\n../node_modules/react-native/scripts/react-native-xcode.sh\n";
		};
		39442F67D4716441E0B84BA4 /* [CP] Embed Pods Frameworks */ = {
			isa = PBXShellScriptBuildPhase;
			buildActionMask = 2147483647;
			files = (
			);
			inputFileListPaths = (
				"${PODS_ROOT}/Target Support Files/Pods-DropIt2022/Pods-DropIt2022-frameworks-${CONFIGURATION}-input-files.xcfilelist",
			);
			name = "[CP] Embed Pods Frameworks";
			outputFileListPaths = (
				"${PODS_ROOT}/Target Support Files/Pods-DropIt2022/Pods-DropIt2022-frameworks-${CONFIGURATION}-output-files.xcfilelist",
			);
			runOnlyForDeploymentPostprocessing = 0;
			shellPath = /bin/sh;
			shellScript = "\"${PODS_ROOT}/Target Support Files/Pods-DropIt2022/Pods-DropIt2022-frameworks.sh\"\n";
			showEnvVarsInLog = 0;
		};
		464198CA81681921AFA25069 /* [CP] Embed Pods Frameworks */ = {
			isa = PBXShellScriptBuildPhase;
			buildActionMask = 2147483647;
			files = (
			);
			inputFileListPaths = (
				"${PODS_ROOT}/Target Support Files/Pods-DropIt2022-DropIt2022Tests/Pods-DropIt2022-DropIt2022Tests-frameworks-${CONFIGURATION}-input-files.xcfilelist",
			);
			name = "[CP] Embed Pods Frameworks";
			outputFileListPaths = (
				"${PODS_ROOT}/Target Support Files/Pods-DropIt2022-DropIt2022Tests/Pods-DropIt2022-DropIt2022Tests-frameworks-${CONFIGURATION}-output-files.xcfilelist",
			);
			runOnlyForDeploymentPostprocessing = 0;
			shellPath = /bin/sh;
			shellScript = "\"${PODS_ROOT}/Target Support Files/Pods-DropIt2022-DropIt2022Tests/Pods-DropIt2022-DropIt2022Tests-frameworks.sh\"\n";
			showEnvVarsInLog = 0;
		};
		7735FDF16D50AF9E0DD285B3 /* [CP] Check Pods Manifest.lock */ = {
			isa = PBXShellScriptBuildPhase;
			buildActionMask = 2147483647;
			files = (
			);
			inputFileListPaths = (
			);
			inputPaths = (
				"${PODS_PODFILE_DIR_PATH}/Podfile.lock",
				"${PODS_ROOT}/Manifest.lock",
			);
			name = "[CP] Check Pods Manifest.lock";
			outputFileListPaths = (
			);
			outputPaths = (
				"$(DERIVED_FILE_DIR)/Pods-DropIt2022-DropIt2022Tests-checkManifestLockResult.txt",
			);
			runOnlyForDeploymentPostprocessing = 0;
			shellPath = /bin/sh;
			shellScript = "diff \"${PODS_PODFILE_DIR_PATH}/Podfile.lock\" \"${PODS_ROOT}/Manifest.lock\" > /dev/null\nif [ $? != 0 ] ; then\n    # print error to STDERR\n    echo \"error: The sandbox is not in sync with the Podfile.lock. Run 'pod install' or update your CocoaPods installation.\" >&2\n    exit 1\nfi\n# This output is used by Xcode 'outputs' to avoid re-running this script phase.\necho \"SUCCESS\" > \"${SCRIPT_OUTPUT_FILE_0}\"\n";
			showEnvVarsInLog = 0;
		};
		B9C5F1BFEB660D4BEA384189 /* [CP-User] [RNFB] Core Configuration */ = {
			isa = PBXShellScriptBuildPhase;
			buildActionMask = 2147483647;
			files = (
			);
			inputPaths = (
				"$(BUILT_PRODUCTS_DIR)/$(INFOPLIST_PATH)",
			);
			name = "[CP-User] [RNFB] Core Configuration";
			runOnlyForDeploymentPostprocessing = 0;
			shellPath = /bin/sh;
			shellScript = "#!/usr/bin/env bash\n#\n# Copyright (c) 2016-present Invertase Limited & Contributors\n#\n# Licensed under the Apache License, Version 2.0 (the \"License\");\n# you may not use this library except in compliance with the License.\n# You may obtain a copy of the License at\n#\n#   http://www.apache.org/licenses/LICENSE-2.0\n#\n# Unless required by applicable law or agreed to in writing, software\n# distributed under the License is distributed on an \"AS IS\" BASIS,\n# WITHOUT WARRANTIES OR CONDITIONS OF ANY KIND, either express or implied.\n# See the License for the specific language governing permissions and\n# limitations under the License.\n#\nset -e\n\n_MAX_LOOKUPS=2;\n_SEARCH_RESULT=''\n_RN_ROOT_EXISTS=''\n_CURRENT_LOOKUPS=1\n_JSON_ROOT=\"'react-native'\"\n_JSON_FILE_NAME='firebase.json'\n_JSON_OUTPUT_BASE64='e30=' # { }\n_CURRENT_SEARCH_DIR=${PROJECT_DIR}\n_PLIST_BUDDY=/usr/libexec/PlistBuddy\n_TARGET_PLIST=\"${BUILT_PRODUCTS_DIR}/${INFOPLIST_PATH}\"\n_DSYM_PLIST=\"${DWARF_DSYM_FOLDER_PATH}/${DWARF_DSYM_FILE_NAME}/Contents/Info.plist\"\n\n# plist arrays\n_PLIST_ENTRY_KEYS=()\n_PLIST_ENTRY_TYPES=()\n_PLIST_ENTRY_VALUES=()\n\nfunction setPlistValue {\n  echo \"info:      setting plist entry '$1' of type '$2' in file '$4'\"\n  ${_PLIST_BUDDY} -c \"Add :$1 $2 '$3'\" $4 || echo \"info:      '$1' already exists\"\n}\n\nfunction getFirebaseJsonKeyValue () {\n  if [[ ${_RN_ROOT_EXISTS} ]]; then\n    ruby -Ku -e \"require 'rubygems';require 'json'; output=JSON.parse('$1'); puts output[$_JSON_ROOT]['$2']\"\n  else\n    echo \"\"\n  fi;\n}\n\nfunction jsonBoolToYesNo () {\n  if [[ $1 == \"false\" ]]; then\n    echo \"NO\"\n  elif [[ $1 == \"true\" ]]; then\n    echo \"YES\"\n  else echo \"NO\"\n  fi\n}\n\necho \"info: -> RNFB build script started\"\necho \"info: 1) Locating ${_JSON_FILE_NAME} file:\"\n\nif [[ -z ${_CURRENT_SEARCH_DIR} ]]; then\n  _CURRENT_SEARCH_DIR=$(pwd)\nfi;\n\nwhile true; do\n  _CURRENT_SEARCH_DIR=$(dirname \"$_CURRENT_SEARCH_DIR\")\n  if [[ \"$_CURRENT_SEARCH_DIR\" == \"/\" ]] || [[ ${_CURRENT_LOOKUPS} -gt ${_MAX_LOOKUPS} ]]; then break; fi;\n  echo \"info:      ($_CURRENT_LOOKUPS of $_MAX_LOOKUPS) Searching in '$_CURRENT_SEARCH_DIR' for a ${_JSON_FILE_NAME} file.\"\n  _SEARCH_RESULT=$(find \"$_CURRENT_SEARCH_DIR\" -maxdepth 2 -name ${_JSON_FILE_NAME} -print | /usr/bin/head -n 1)\n  if [[ ${_SEARCH_RESULT} ]]; then\n    echo \"info:      ${_JSON_FILE_NAME} found at $_SEARCH_RESULT\"\n    break;\n  fi;\n  _CURRENT_LOOKUPS=$((_CURRENT_LOOKUPS+1))\ndone\n\nif [[ ${_SEARCH_RESULT} ]]; then\n  _JSON_OUTPUT_RAW=$(cat \"${_SEARCH_RESULT}\")\n  _RN_ROOT_EXISTS=$(ruby -Ku -e \"require 'rubygems';require 'json'; output=JSON.parse('$_JSON_OUTPUT_RAW'); puts output[$_JSON_ROOT]\" || echo '')\n\n  if [[ ${_RN_ROOT_EXISTS} ]]; then\n    if ! python3 --version >/dev/null 2>&1; then echo \"python3 not found, firebase.json file processing error.\" && exit 1; fi\n    _JSON_OUTPUT_BASE64=$(python3 -c 'import json,sys,base64;print(base64.b64encode(bytes(json.dumps(json.loads(open('\"'${_SEARCH_RESULT}'\"', '\"'rb'\"').read())['${_JSON_ROOT}']), '\"'utf-8'\"')).decode())' || echo \"e30=\")\n  fi\n\n  _PLIST_ENTRY_KEYS+=(\"firebase_json_raw\")\n  _PLIST_ENTRY_TYPES+=(\"string\")\n  _PLIST_ENTRY_VALUES+=(\"$_JSON_OUTPUT_BASE64\")\n\n  # config.app_data_collection_default_enabled\n  _APP_DATA_COLLECTION_ENABLED=$(getFirebaseJsonKeyValue \"$_JSON_OUTPUT_RAW\" \"app_data_collection_default_enabled\")\n  if [[ $_APP_DATA_COLLECTION_ENABLED ]]; then\n    _PLIST_ENTRY_KEYS+=(\"FirebaseDataCollectionDefaultEnabled\")\n    _PLIST_ENTRY_TYPES+=(\"bool\")\n    _PLIST_ENTRY_VALUES+=(\"$(jsonBoolToYesNo \"$_APP_DATA_COLLECTION_ENABLED\")\")\n  fi\n\n  # config.analytics_auto_collection_enabled\n  _ANALYTICS_AUTO_COLLECTION=$(getFirebaseJsonKeyValue \"$_JSON_OUTPUT_RAW\" \"analytics_auto_collection_enabled\")\n  if [[ $_ANALYTICS_AUTO_COLLECTION ]]; then\n    _PLIST_ENTRY_KEYS+=(\"FIREBASE_ANALYTICS_COLLECTION_ENABLED\")\n    _PLIST_ENTRY_TYPES+=(\"bool\")\n    _PLIST_ENTRY_VALUES+=(\"$(jsonBoolToYesNo \"$_ANALYTICS_AUTO_COLLECTION\")\")\n  fi\n\n  # config.analytics_collection_deactivated\n  _ANALYTICS_DEACTIVATED=$(getFirebaseJsonKeyValue \"$_JSON_OUTPUT_RAW\" \"analytics_collection_deactivated\")\n  if [[ $_ANALYTICS_DEACTIVATED ]]; then\n    _PLIST_ENTRY_KEYS+=(\"FIREBASE_ANALYTICS_COLLECTION_DEACTIVATED\")\n    _PLIST_ENTRY_TYPES+=(\"bool\")\n    _PLIST_ENTRY_VALUES+=(\"$(jsonBoolToYesNo \"$_ANALYTICS_DEACTIVATED\")\")\n  fi\n\n  # config.analytics_idfv_collection_enabled\n  _ANALYTICS_IDFV_COLLECTION=$(getFirebaseJsonKeyValue \"$_JSON_OUTPUT_RAW\" \"analytics_idfv_collection_enabled\")\n  if [[ $_ANALYTICS_IDFV_COLLECTION ]]; then\n    _PLIST_ENTRY_KEYS+=(\"GOOGLE_ANALYTICS_IDFV_COLLECTION_ENABLED\")\n    _PLIST_ENTRY_TYPES+=(\"bool\")\n    _PLIST_ENTRY_VALUES+=(\"$(jsonBoolToYesNo \"$_ANALYTICS_IDFV_COLLECTION\")\")\n  fi\n\n  # config.analytics_default_allow_ad_personalization_signals\n  _ANALYTICS_PERSONALIZATION=$(getFirebaseJsonKeyValue \"$_JSON_OUTPUT_RAW\" \"analytics_default_allow_ad_personalization_signals\")\n  if [[ $_ANALYTICS_PERSONALIZATION ]]; then\n    _PLIST_ENTRY_KEYS+=(\"GOOGLE_ANALYTICS_DEFAULT_ALLOW_AD_PERSONALIZATION_SIGNALS\")\n    _PLIST_ENTRY_TYPES+=(\"bool\")\n    _PLIST_ENTRY_VALUES+=(\"$(jsonBoolToYesNo \"$_ANALYTICS_PERSONALIZATION\")\")\n  fi\n\n  # config.analytics_registration_with_ad_network_enabled\n  _ANALYTICS_REGISTRATION_WITH_AD_NETWORK=$(getFirebaseJsonKeyValue \"$_JSON_OUTPUT_RAW\" \"google_analytics_registration_with_ad_network_enabled\")\n  if [[ $_ANALYTICS_REGISTRATION_WITH_AD_NETWORK ]]; then\n    _PLIST_ENTRY_KEYS+=(\"GOOGLE_ANALYTICS_REGISTRATION_WITH_AD_NETWORK_ENABLED\")\n    _PLIST_ENTRY_TYPES+=(\"bool\")\n    _PLIST_ENTRY_VALUES+=(\"$(jsonBoolToYesNo \"$_ANALYTICS_REGISTRATION_WITH_AD_NETWORK\")\")\n  fi\n\n  # config.google_analytics_automatic_screen_reporting_enabled\n  _ANALYTICS_AUTO_SCREEN_REPORTING=$(getFirebaseJsonKeyValue \"$_JSON_OUTPUT_RAW\" \"google_analytics_automatic_screen_reporting_enabled\")\n  if [[ $_ANALYTICS_AUTO_SCREEN_REPORTING ]]; then\n    _PLIST_ENTRY_KEYS+=(\"FirebaseAutomaticScreenReportingEnabled\")\n    _PLIST_ENTRY_TYPES+=(\"bool\")\n    _PLIST_ENTRY_VALUES+=(\"$(jsonBoolToYesNo \"$_ANALYTICS_AUTO_SCREEN_REPORTING\")\")\n  fi\n\n  # config.perf_auto_collection_enabled\n  _PERF_AUTO_COLLECTION=$(getFirebaseJsonKeyValue \"$_JSON_OUTPUT_RAW\" \"perf_auto_collection_enabled\")\n  if [[ $_PERF_AUTO_COLLECTION ]]; then\n    _PLIST_ENTRY_KEYS+=(\"firebase_performance_collection_enabled\")\n    _PLIST_ENTRY_TYPES+=(\"bool\")\n    _PLIST_ENTRY_VALUES+=(\"$(jsonBoolToYesNo \"$_PERF_AUTO_COLLECTION\")\")\n  fi\n\n  # config.perf_collection_deactivated\n  _PERF_DEACTIVATED=$(getFirebaseJsonKeyValue \"$_JSON_OUTPUT_RAW\" \"perf_collection_deactivated\")\n  if [[ $_PERF_DEACTIVATED ]]; then\n    _PLIST_ENTRY_KEYS+=(\"firebase_performance_collection_deactivated\")\n    _PLIST_ENTRY_TYPES+=(\"bool\")\n    _PLIST_ENTRY_VALUES+=(\"$(jsonBoolToYesNo \"$_PERF_DEACTIVATED\")\")\n  fi\n\n  # config.messaging_auto_init_enabled\n  _MESSAGING_AUTO_INIT=$(getFirebaseJsonKeyValue \"$_JSON_OUTPUT_RAW\" \"messaging_auto_init_enabled\")\n  if [[ $_MESSAGING_AUTO_INIT ]]; then\n    _PLIST_ENTRY_KEYS+=(\"FirebaseMessagingAutoInitEnabled\")\n    _PLIST_ENTRY_TYPES+=(\"bool\")\n    _PLIST_ENTRY_VALUES+=(\"$(jsonBoolToYesNo \"$_MESSAGING_AUTO_INIT\")\")\n  fi\n\n  # config.in_app_messaging_auto_colllection_enabled\n  _FIAM_AUTO_INIT=$(getFirebaseJsonKeyValue \"$_JSON_OUTPUT_RAW\" \"in_app_messaging_auto_collection_enabled\")\n  if [[ $_FIAM_AUTO_INIT ]]; then\n    _PLIST_ENTRY_KEYS+=(\"FirebaseInAppMessagingAutomaticDataCollectionEnabled\")\n    _PLIST_ENTRY_TYPES+=(\"bool\")\n    _PLIST_ENTRY_VALUES+=(\"$(jsonBoolToYesNo \"$_FIAM_AUTO_INIT\")\")\n  fi\n\n  # config.app_check_token_auto_refresh\n  _APP_CHECK_TOKEN_AUTO_REFRESH=$(getFirebaseJsonKeyValue \"$_JSON_OUTPUT_RAW\" \"app_check_token_auto_refresh\")\n  if [[ $_APP_CHECK_TOKEN_AUTO_REFRESH ]]; then\n    _PLIST_ENTRY_KEYS+=(\"FirebaseAppCheckTokenAutoRefreshEnabled\")\n    _PLIST_ENTRY_TYPES+=(\"bool\")\n    _PLIST_ENTRY_VALUES+=(\"$(jsonBoolToYesNo \"$_APP_CHECK_TOKEN_AUTO_REFRESH\")\")\n  fi\n\n  # config.crashlytics_disable_auto_disabler - undocumented for now - mainly for debugging, document if becomes useful\n  _CRASHLYTICS_AUTO_DISABLE_ENABLED=$(getFirebaseJsonKeyValue \"$_JSON_OUTPUT_RAW\" \"crashlytics_disable_auto_disabler\")\n  if [[ $_CRASHLYTICS_AUTO_DISABLE_ENABLED == \"true\" ]]; then\n    echo \"Disabled Crashlytics auto disabler.\" # do nothing\n  else\n    _PLIST_ENTRY_KEYS+=(\"FirebaseCrashlyticsCollectionEnabled\")\n    _PLIST_ENTRY_TYPES+=(\"bool\")\n    _PLIST_ENTRY_VALUES+=(\"NO\")\n  fi\nelse\n  _PLIST_ENTRY_KEYS+=(\"firebase_json_raw\")\n  _PLIST_ENTRY_TYPES+=(\"string\")\n  _PLIST_ENTRY_VALUES+=(\"$_JSON_OUTPUT_BASE64\")\n  echo \"warning:   A firebase.json file was not found, whilst this file is optional it is recommended to include it to configure firebase services in React Native Firebase.\"\nfi;\n\necho \"info: 2) Injecting Info.plist entries: \"\n\n# Log out the keys we're adding\nfor i in \"${!_PLIST_ENTRY_KEYS[@]}\"; do\n  echo \"    ->  $i) ${_PLIST_ENTRY_KEYS[$i]}\" \"${_PLIST_ENTRY_TYPES[$i]}\" \"${_PLIST_ENTRY_VALUES[$i]}\"\ndone\n\nfor plist in \"${_TARGET_PLIST}\" \"${_DSYM_PLIST}\" ; do\n  if [[ -f \"${plist}\" ]]; then\n\n    # paths with spaces break the call to setPlistValue. temporarily modify\n    # the shell internal field separator variable (IFS), which normally\n    # includes spaces, to consist only of line breaks\n    oldifs=$IFS\n    IFS=\"\n\"\n\n    for i in \"${!_PLIST_ENTRY_KEYS[@]}\"; do\n      setPlistValue \"${_PLIST_ENTRY_KEYS[$i]}\" \"${_PLIST_ENTRY_TYPES[$i]}\" \"${_PLIST_ENTRY_VALUES[$i]}\" \"${plist}\"\n    done\n\n    # restore the original internal field separator value\n    IFS=$oldifs\n  else\n    echo \"warning:   A Info.plist build output file was not found (${plist})\"\n  fi\ndone\n\necho \"info: <- RNFB build script finished\"\n";
		};
		D559650029F1045F5ED5F95F /* [CP] Check Pods Manifest.lock */ = {
			isa = PBXShellScriptBuildPhase;
			buildActionMask = 2147483647;
			files = (
			);
			inputFileListPaths = (
			);
			inputPaths = (
				"${PODS_PODFILE_DIR_PATH}/Podfile.lock",
				"${PODS_ROOT}/Manifest.lock",
			);
			name = "[CP] Check Pods Manifest.lock";
			outputFileListPaths = (
			);
			outputPaths = (
				"$(DERIVED_FILE_DIR)/Pods-DropIt2022-checkManifestLockResult.txt",
			);
			runOnlyForDeploymentPostprocessing = 0;
			shellPath = /bin/sh;
			shellScript = "diff \"${PODS_PODFILE_DIR_PATH}/Podfile.lock\" \"${PODS_ROOT}/Manifest.lock\" > /dev/null\nif [ $? != 0 ] ; then\n    # print error to STDERR\n    echo \"error: The sandbox is not in sync with the Podfile.lock. Run 'pod install' or update your CocoaPods installation.\" >&2\n    exit 1\nfi\n# This output is used by Xcode 'outputs' to avoid re-running this script phase.\necho \"SUCCESS\" > \"${SCRIPT_OUTPUT_FILE_0}\"\n";
			showEnvVarsInLog = 0;
		};
		FD10A7F022414F080027D42C /* Start Packager */ = {
			isa = PBXShellScriptBuildPhase;
			buildActionMask = 12;
			files = (
			);
			inputFileListPaths = (
			);
			inputPaths = (
			);
			name = "Start Packager";
			outputFileListPaths = (
			);
			outputPaths = (
			);
			runOnlyForDeploymentPostprocessing = 0;
			shellPath = /bin/sh;
			shellScript = "export RCT_METRO_PORT=\"${RCT_METRO_PORT:=8081}\"\necho \"export RCT_METRO_PORT=${RCT_METRO_PORT}\" > \"${SRCROOT}/../node_modules/react-native/scripts/.packager.env\"\nif [ -z \"${RCT_NO_LAUNCH_PACKAGER+xxx}\" ] ; then\n  if nc -w 5 -z localhost ${RCT_METRO_PORT} ; then\n    if ! curl -s \"http://localhost:${RCT_METRO_PORT}/status\" | grep -q \"packager-status:running\" ; then\n      echo \"Port ${RCT_METRO_PORT} already in use, packager is either not running or not running correctly\"\n      exit 2\n    fi\n  else\n    open \"$SRCROOT/../node_modules/react-native/scripts/launchPackager.command\" || echo \"Can't start packager automatically\"\n  fi\nfi\n";
			showEnvVarsInLog = 0;
		};
/* End PBXShellScriptBuildPhase section */

/* Begin PBXSourcesBuildPhase section */
		00E356EA1AD99517003FC87E /* Sources */ = {
			isa = PBXSourcesBuildPhase;
			buildActionMask = 2147483647;
			files = (
				00E356F31AD99517003FC87E /* DropIt2022Tests.m in Sources */,
			);
			runOnlyForDeploymentPostprocessing = 0;
		};
		13B07F871A680F5B00A75B9A /* Sources */ = {
			isa = PBXSourcesBuildPhase;
			buildActionMask = 2147483647;
			files = (
				13B07FBC1A68108700A75B9A /* AppDelegate.mm in Sources */,
				13B07FC11A68108700A75B9A /* main.m in Sources */,
			);
			runOnlyForDeploymentPostprocessing = 0;
		};
/* End PBXSourcesBuildPhase section */

/* Begin PBXTargetDependency section */
		00E356F51AD99517003FC87E /* PBXTargetDependency */ = {
			isa = PBXTargetDependency;
			target = 13B07F861A680F5B00A75B9A /* DropIt2022 */;
			targetProxy = 00E356F41AD99517003FC87E /* PBXContainerItemProxy */;
		};
/* End PBXTargetDependency section */

/* Begin XCBuildConfiguration section */
		00E356F61AD99517003FC87E /* Debug */ = {
			isa = XCBuildConfiguration;
			baseConfigurationReference = 76F3FB1423783F0DF694F956 /* Pods-DropIt2022-DropIt2022Tests.debug.xcconfig */;
			buildSettings = {
				ALWAYS_EMBED_SWIFT_STANDARD_LIBRARIES = YES;
				BUNDLE_LOADER = "$(TEST_HOST)";
				GCC_PREPROCESSOR_DEFINITIONS = (
					"DEBUG=1",
					"$(inherited)",
				);
				INFOPLIST_FILE = DropIt2022Tests/Info.plist;
				IPHONEOS_DEPLOYMENT_TARGET = 12.0;
				LD_RUNPATH_SEARCH_PATHS = (
					"$(inherited)",
					"@executable_path/Frameworks",
					"@loader_path/Frameworks",
				);
				OTHER_LDFLAGS = (
					"-ObjC",
					"-lc++",
					"$(inherited)",
				);
				PRODUCT_BUNDLE_IDENTIFIER = "org.reactjs.native.example.$(PRODUCT_NAME:rfc1034identifier)";
				PRODUCT_NAME = "$(TARGET_NAME)";
				TEST_HOST = "$(BUILT_PRODUCTS_DIR)/DropIt2022.app/DropIt2022";
			};
			name = Debug;
		};
		00E356F71AD99517003FC87E /* Release */ = {
			isa = XCBuildConfiguration;
			baseConfigurationReference = 1AF190C23429AA8DD881E740 /* Pods-DropIt2022-DropIt2022Tests.release.xcconfig */;
			buildSettings = {
				ALWAYS_EMBED_SWIFT_STANDARD_LIBRARIES = YES;
				BUNDLE_LOADER = "$(TEST_HOST)";
				COPY_PHASE_STRIP = NO;
				INFOPLIST_FILE = DropIt2022Tests/Info.plist;
				IPHONEOS_DEPLOYMENT_TARGET = 12.0;
				LD_RUNPATH_SEARCH_PATHS = (
					"$(inherited)",
					"@executable_path/Frameworks",
					"@loader_path/Frameworks",
				);
				OTHER_LDFLAGS = (
					"-ObjC",
					"-lc++",
					"$(inherited)",
				);
				PRODUCT_BUNDLE_IDENTIFIER = "org.reactjs.native.example.$(PRODUCT_NAME:rfc1034identifier)";
				PRODUCT_NAME = "$(TARGET_NAME)";
				TEST_HOST = "$(BUILT_PRODUCTS_DIR)/DropIt2022.app/DropIt2022";
			};
			name = Release;
		};
		13B07F941A680F5B00A75B9A /* Debug */ = {
			isa = XCBuildConfiguration;
			baseConfigurationReference = B6B8BF456949D5E0222ACA56 /* Pods-DropIt2022.debug.xcconfig */;
			buildSettings = {
				ASSETCATALOG_COMPILER_APPICON_NAME = AppIcon;
				CLANG_ENABLE_MODULES = YES;
				CODE_SIGN_ENTITLEMENTS = DropIt2022/DropIt2022.entitlements;
				CODE_SIGN_IDENTITY = "Apple Development";
				CODE_SIGN_STYLE = Automatic;
				CURRENT_PROJECT_VERSION = 1;
				DEVELOPMENT_TEAM = E5YN35DM5Z;
				ENABLE_BITCODE = NO;
				INFOPLIST_FILE = DropIt2022/Info.plist;
				LD_RUNPATH_SEARCH_PATHS = (
					"$(inherited)",
					"@executable_path/Frameworks",
				);
				OTHER_LDFLAGS = (
					"$(inherited)",
					"-ObjC",
					"-lc++",
				);
				PRODUCT_BUNDLE_IDENTIFIER = "ie.mes.dropit-geo";
				PRODUCT_NAME = DropIt2022;
				PROVISIONING_PROFILE_SPECIFIER = "";
				SUPPORTED_PLATFORMS = "iphoneos iphonesimulator";
				SUPPORTS_MACCATALYST = NO;
				SUPPORTS_MAC_DESIGNED_FOR_IPHONE_IPAD = YES;
				SWIFT_OPTIMIZATION_LEVEL = "-Onone";
				SWIFT_VERSION = 5.0;
				TARGETED_DEVICE_FAMILY = 1;
				VERSIONING_SYSTEM = "apple-generic";
			};
			name = Debug;
		};
		13B07F951A680F5B00A75B9A /* Release */ = {
			isa = XCBuildConfiguration;
			baseConfigurationReference = A7721505AF1EF361FC021A62 /* Pods-DropIt2022.release.xcconfig */;
			buildSettings = {
				ASSETCATALOG_COMPILER_APPICON_NAME = AppIcon;
				CLANG_ENABLE_MODULES = YES;
				CODE_SIGN_ENTITLEMENTS = DropIt2022/DropIt2022.entitlements;
				CODE_SIGN_IDENTITY = "Apple Development";
				CODE_SIGN_STYLE = Automatic;
				CURRENT_PROJECT_VERSION = 1;
				DEVELOPMENT_TEAM = E5YN35DM5Z;
				INFOPLIST_FILE = DropIt2022/Info.plist;
				LD_RUNPATH_SEARCH_PATHS = (
					"$(inherited)",
					"@executable_path/Frameworks",
				);
				OTHER_LDFLAGS = (
					"$(inherited)",
					"-ObjC",
					"-lc++",
				);
				PRODUCT_BUNDLE_IDENTIFIER = "ie.mes.dropit-geo";
				PRODUCT_NAME = DropIt2022;
				PROVISIONING_PROFILE_SPECIFIER = "";
				SUPPORTED_PLATFORMS = "iphoneos iphonesimulator";
				SUPPORTS_MACCATALYST = NO;
				SUPPORTS_MAC_DESIGNED_FOR_IPHONE_IPAD = YES;
				SWIFT_VERSION = 5.0;
				TARGETED_DEVICE_FAMILY = 1;
				VERSIONING_SYSTEM = "apple-generic";
			};
			name = Release;
		};
		83CBBA201A601CBA00E9B192 /* Debug */ = {
			isa = XCBuildConfiguration;
			buildSettings = {
				ALWAYS_SEARCH_USER_PATHS = NO;
				CLANG_ANALYZER_LOCALIZABILITY_NONLOCALIZED = YES;
				CLANG_CXX_LANGUAGE_STANDARD = "c++17";
				CLANG_CXX_LIBRARY = "libc++";
				CLANG_ENABLE_MODULES = YES;
				CLANG_ENABLE_OBJC_ARC = YES;
				CLANG_WARN_BLOCK_CAPTURE_AUTORELEASING = YES;
				CLANG_WARN_BOOL_CONVERSION = YES;
				CLANG_WARN_COMMA = YES;
				CLANG_WARN_CONSTANT_CONVERSION = YES;
				CLANG_WARN_DEPRECATED_OBJC_IMPLEMENTATIONS = YES;
				CLANG_WARN_DIRECT_OBJC_ISA_USAGE = YES_ERROR;
				CLANG_WARN_EMPTY_BODY = YES;
				CLANG_WARN_ENUM_CONVERSION = YES;
				CLANG_WARN_INFINITE_RECURSION = YES;
				CLANG_WARN_INT_CONVERSION = YES;
				CLANG_WARN_NON_LITERAL_NULL_CONVERSION = YES;
				CLANG_WARN_OBJC_IMPLICIT_RETAIN_SELF = YES;
				CLANG_WARN_OBJC_LITERAL_CONVERSION = YES;
				CLANG_WARN_OBJC_ROOT_CLASS = YES_ERROR;
				CLANG_WARN_QUOTED_INCLUDE_IN_FRAMEWORK_HEADER = YES;
				CLANG_WARN_RANGE_LOOP_ANALYSIS = YES;
				CLANG_WARN_STRICT_PROTOTYPES = YES;
				CLANG_WARN_SUSPICIOUS_MOVE = YES;
				CLANG_WARN_UNREACHABLE_CODE = YES;
				CLANG_WARN__DUPLICATE_METHOD_MATCH = YES;
				"CODE_SIGN_IDENTITY[sdk=iphoneos*]" = "Apple Development: Moses Esan (FYM94DD73H)";
				COPY_PHASE_STRIP = NO;
				ENABLE_STRICT_OBJC_MSGSEND = YES;
				ENABLE_TESTABILITY = YES;
				"EXCLUDED_ARCHS[sdk=iphonesimulator*]" = "";
				GCC_C_LANGUAGE_STANDARD = gnu99;
				GCC_DYNAMIC_NO_PIC = NO;
				GCC_NO_COMMON_BLOCKS = YES;
				GCC_OPTIMIZATION_LEVEL = 0;
				GCC_PREPROCESSOR_DEFINITIONS = (
					"DEBUG=1",
					"$(inherited)",
				);
				GCC_SYMBOLS_PRIVATE_EXTERN = NO;
				GCC_WARN_64_TO_32_BIT_CONVERSION = YES;
				GCC_WARN_ABOUT_RETURN_TYPE = YES_ERROR;
				GCC_WARN_UNDECLARED_SELECTOR = YES;
				GCC_WARN_UNINITIALIZED_AUTOS = YES_AGGRESSIVE;
				GCC_WARN_UNUSED_FUNCTION = YES;
				GCC_WARN_UNUSED_VARIABLE = YES;
				IPHONEOS_DEPLOYMENT_TARGET = 12.0;
				LD_RUNPATH_SEARCH_PATHS = (
					/usr/lib/swift,
					"$(inherited)",
				);
				LIBRARY_SEARCH_PATHS = (
					"\"$(SDKROOT)/usr/lib/swift\"",
					"\"$(TOOLCHAIN_DIR)/usr/lib/swift/$(PLATFORM_NAME)\"",
					"\"$(inherited)\"",
				);
				MTL_ENABLE_DEBUG_INFO = YES;
				ONLY_ACTIVE_ARCH = YES;
				OTHER_CPLUSPLUSFLAGS = (
					"$(OTHER_CFLAGS)",
					"-DFOLLY_NO_CONFIG",
					"-DFOLLY_MOBILE=1",
					"-DFOLLY_USE_LIBCPP=1",
				);
				SDKROOT = iphoneos;
			};
			name = Debug;
		};
		83CBBA211A601CBA00E9B192 /* Release */ = {
			isa = XCBuildConfiguration;
			buildSettings = {
				ALWAYS_SEARCH_USER_PATHS = NO;
				CLANG_ANALYZER_LOCALIZABILITY_NONLOCALIZED = YES;
				CLANG_CXX_LANGUAGE_STANDARD = "c++17";
				CLANG_CXX_LIBRARY = "libc++";
				CLANG_ENABLE_MODULES = YES;
				CLANG_ENABLE_OBJC_ARC = YES;
				CLANG_WARN_BLOCK_CAPTURE_AUTORELEASING = YES;
				CLANG_WARN_BOOL_CONVERSION = YES;
				CLANG_WARN_COMMA = YES;
				CLANG_WARN_CONSTANT_CONVERSION = YES;
				CLANG_WARN_DEPRECATED_OBJC_IMPLEMENTATIONS = YES;
				CLANG_WARN_DIRECT_OBJC_ISA_USAGE = YES_ERROR;
				CLANG_WARN_EMPTY_BODY = YES;
				CLANG_WARN_ENUM_CONVERSION = YES;
				CLANG_WARN_INFINITE_RECURSION = YES;
				CLANG_WARN_INT_CONVERSION = YES;
				CLANG_WARN_NON_LITERAL_NULL_CONVERSION = YES;
				CLANG_WARN_OBJC_IMPLICIT_RETAIN_SELF = YES;
				CLANG_WARN_OBJC_LITERAL_CONVERSION = YES;
				CLANG_WARN_OBJC_ROOT_CLASS = YES_ERROR;
				CLANG_WARN_QUOTED_INCLUDE_IN_FRAMEWORK_HEADER = YES;
				CLANG_WARN_RANGE_LOOP_ANALYSIS = YES;
				CLANG_WARN_STRICT_PROTOTYPES = YES;
				CLANG_WARN_SUSPICIOUS_MOVE = YES;
				CLANG_WARN_UNREACHABLE_CODE = YES;
				CLANG_WARN__DUPLICATE_METHOD_MATCH = YES;
				"CODE_SIGN_IDENTITY[sdk=iphoneos*]" = "Apple Development: Moses Esan (FYM94DD73H)";
				COPY_PHASE_STRIP = YES;
				ENABLE_NS_ASSERTIONS = NO;
				ENABLE_STRICT_OBJC_MSGSEND = YES;
				"EXCLUDED_ARCHS[sdk=iphonesimulator*]" = "";
				GCC_C_LANGUAGE_STANDARD = gnu99;
				GCC_NO_COMMON_BLOCKS = YES;
				GCC_WARN_64_TO_32_BIT_CONVERSION = YES;
				GCC_WARN_ABOUT_RETURN_TYPE = YES_ERROR;
				GCC_WARN_UNDECLARED_SELECTOR = YES;
				GCC_WARN_UNINITIALIZED_AUTOS = YES_AGGRESSIVE;
				GCC_WARN_UNUSED_FUNCTION = YES;
				GCC_WARN_UNUSED_VARIABLE = YES;
				IPHONEOS_DEPLOYMENT_TARGET = 12.0;
				LD_RUNPATH_SEARCH_PATHS = (
					/usr/lib/swift,
					"$(inherited)",
				);
				LIBRARY_SEARCH_PATHS = (
					"\"$(SDKROOT)/usr/lib/swift\"",
					"\"$(TOOLCHAIN_DIR)/usr/lib/swift/$(PLATFORM_NAME)\"",
					"\"$(inherited)\"",
				);
				MTL_ENABLE_DEBUG_INFO = NO;
				OTHER_CPLUSPLUSFLAGS = (
					"$(OTHER_CFLAGS)",
					"-DFOLLY_NO_CONFIG",
					"-DFOLLY_MOBILE=1",
					"-DFOLLY_USE_LIBCPP=1",
				);
				SDKROOT = iphoneos;
				VALIDATE_PRODUCT = YES;
			};
			name = Release;
		};
/* End XCBuildConfiguration section */

/* Begin XCConfigurationList section */
		00E357021AD99517003FC87E /* Build configuration list for PBXNativeTarget "DropIt2022Tests" */ = {
			isa = XCConfigurationList;
			buildConfigurations = (
				00E356F61AD99517003FC87E /* Debug */,
				00E356F71AD99517003FC87E /* Release */,
			);
			defaultConfigurationIsVisible = 0;
			defaultConfigurationName = Release;
		};
		13B07F931A680F5B00A75B9A /* Build configuration list for PBXNativeTarget "DropIt2022" */ = {
			isa = XCConfigurationList;
			buildConfigurations = (
				13B07F941A680F5B00A75B9A /* Debug */,
				13B07F951A680F5B00A75B9A /* Release */,
			);
			defaultConfigurationIsVisible = 0;
			defaultConfigurationName = Release;
		};
		83CBB9FA1A601CBA00E9B192 /* Build configuration list for PBXProject "DropIt2022" */ = {
			isa = XCConfigurationList;
			buildConfigurations = (
				83CBBA201A601CBA00E9B192 /* Debug */,
				83CBBA211A601CBA00E9B192 /* Release */,
			);
			defaultConfigurationIsVisible = 0;
			defaultConfigurationName = Release;
		};
/* End XCConfigurationList section */
	};
	rootObject = 83CBB9F71A601CBA00E9B192 /* Project object */;
}
